
Microsoft Visual Studio Solution File, Format Version 12.00
# Visual Studio 2012
Project("{2150E333-8FDC-42A3-9474-1A3956D46DE8}") = ".nuget", ".nuget", "{46A4EF87-004A-4214-854B-6304B197BE06}"
	ProjectSection(SolutionItems) = preProject
		.nuget\NuGet.Config = .nuget\NuGet.Config
		.nuget\NuGet.exe = .nuget\NuGet.exe
		.nuget\NuGet.targets = .nuget\NuGet.targets
	EndProjectSection
EndProject
Project("{FAE04EC0-301F-11D3-BF4B-00C04F79EFBC}") = "ToDoManagerClient.Tests", "ToDoManagerClient.Tests\ToDoManagerClient.Tests.csproj", "{055C1344-EA0D-4F55-9BFB-056941887922}"
EndProject
Project("{FAE04EC0-301F-11D3-BF4B-00C04F79EFBC}") = "ORM", "ORM\ORM.csproj", "{0BE74300-BC74-47D9-8036-493AAEEA6980}"
EndProject
Project("{2150E333-8FDC-42A3-9474-1A3956D46DE8}") = "Domain", "Domain", "{BF4E2D95-BA0C-4AB5-A390-35B84F33C03E}"
EndProject
Project("{2150E333-8FDC-42A3-9474-1A3956D46DE8}") = "Buisnes logic", "Buisnes logic", "{9E91C915-B728-459A-B056-00F11B51310C}"
EndProject
Project("{FAE04EC0-301F-11D3-BF4B-00C04F79EFBC}") = "BLL", "BLL\BLL.csproj", "{97921014-98CF-441E-9E8B-EDD05A9EF4E4}"
EndProject
Project("{FAE04EC0-301F-11D3-BF4B-00C04F79EFBC}") = "DAL", "DAL\DAL.csproj", "{C77AE3F4-DC99-4815-9C07-2E4888EE3FA8}"
EndProject
Project("{FAE04EC0-301F-11D3-BF4B-00C04F79EFBC}") = "DAL.Interface", "DAL.Interface\DAL.Interface.csproj", "{C179947B-588B-4E44-B4DC-1617004EF837}"
EndProject
Project("{FAE04EC0-301F-11D3-BF4B-00C04F79EFBC}") = "AmbientDbContext", "Ambient DbContext\AmbientDbContext\AmbientDbContext.csproj", "{0581097E-BE19-4E6A-8EE4-6B1166AC1F53}"
EndProject
Project("{FAE04EC0-301F-11D3-BF4B-00C04F79EFBC}") = "AmbientDbContext.Interface", "Ambient DbContext\AmbientDbContext.Interface\AmbientDbContext.Interface.csproj", "{47CAD024-1F6E-4B70-A730-B42C592763B4}"
EndProject
Project("{2150E333-8FDC-42A3-9474-1A3956D46DE8}") = "Ambient DbContext", "Ambient DbContext", "{7ACBADFA-6BEE-484D-ADF9-436A1BFDA076}"
EndProject
Project("{2150E333-8FDC-42A3-9474-1A3956D46DE8}") = "MvcUi", "MvcUi", "{098A47A1-8843-4D8E-A0F8-883D719AA46D}"
EndProject
Project("{FAE04EC0-301F-11D3-BF4B-00C04F79EFBC}") = "BLL.Interface", "BLL.Interface\BLL.Interface.csproj", "{90E4E3EB-0450-4381-B737-B372D464FA4E}"
EndProject
Project("{FAE04EC0-301F-11D3-BF4B-00C04F79EFBC}") = "DependencyResolver", "DependencyResolver\DependencyResolver.csproj", "{E9A535DD-CBDB-4140-B2F6-9F8D3EE31892}"
EndProject
Project("{FAE04EC0-301F-11D3-BF4B-00C04F79EFBC}") = "ToDoManagerClient", "AspnetIdentitySample\ToDoManagerClient.csproj", "{52B084D8-16C8-4D3C-BAC0-BC727D95F9E5}"
EndProject
Global
	GlobalSection(SolutionConfigurationPlatforms) = preSolution
		Debug|Any CPU = Debug|Any CPU
		Release|Any CPU = Release|Any CPU
	EndGlobalSection
	GlobalSection(ProjectConfigurationPlatforms) = postSolution
		{055C1344-EA0D-4F55-9BFB-056941887922}.Debug|Any CPU.ActiveCfg = Debug|Any CPU
		{055C1344-EA0D-4F55-9BFB-056941887922}.Debug|Any CPU.Build.0 = Debug|Any CPU
		{055C1344-EA0D-4F55-9BFB-056941887922}.Release|Any CPU.ActiveCfg = Release|Any CPU
		{055C1344-EA0D-4F55-9BFB-056941887922}.Release|Any CPU.Build.0 = Release|Any CPU
		{0BE74300-BC74-47D9-8036-493AAEEA6980}.Debug|Any CPU.ActiveCfg = Debug|Any CPU
		{0BE74300-BC74-47D9-8036-493AAEEA6980}.Debug|Any CPU.Build.0 = Debug|Any CPU
		{0BE74300-BC74-47D9-8036-493AAEEA6980}.Release|Any CPU.ActiveCfg = Release|Any CPU
		{0BE74300-BC74-47D9-8036-493AAEEA6980}.Release|Any CPU.Build.0 = Release|Any CPU
		{97921014-98CF-441E-9E8B-EDD05A9EF4E4}.Debug|Any CPU.ActiveCfg = Debug|Any CPU
		{97921014-98CF-441E-9E8B-EDD05A9EF4E4}.Debug|Any CPU.Build.0 = Debug|Any CPU
		{97921014-98CF-441E-9E8B-EDD05A9EF4E4}.Release|Any CPU.ActiveCfg = Release|Any CPU
		{97921014-98CF-441E-9E8B-EDD05A9EF4E4}.Release|Any CPU.Build.0 = Release|Any CPU
		{C77AE3F4-DC99-4815-9C07-2E4888EE3FA8}.Debug|Any CPU.ActiveCfg = Debug|Any CPU
		{C77AE3F4-DC99-4815-9C07-2E4888EE3FA8}.Debug|Any CPU.Build.0 = Debug|Any CPU
		{C77AE3F4-DC99-4815-9C07-2E4888EE3FA8}.Release|Any CPU.ActiveCfg = Release|Any CPU
		{C77AE3F4-DC99-4815-9C07-2E4888EE3FA8}.Release|Any CPU.Build.0 = Release|Any CPU
		{C179947B-588B-4E44-B4DC-1617004EF837}.Debug|Any CPU.ActiveCfg = Debug|Any CPU
		{C179947B-588B-4E44-B4DC-1617004EF837}.Debug|Any CPU.Build.0 = Debug|Any CPU
		{C179947B-588B-4E44-B4DC-1617004EF837}.Release|Any CPU.ActiveCfg = Release|Any CPU
		{C179947B-588B-4E44-B4DC-1617004EF837}.Release|Any CPU.Build.0 = Release|Any CPU
		{0581097E-BE19-4E6A-8EE4-6B1166AC1F53}.Debug|Any CPU.ActiveCfg = Debug|Any CPU
		{0581097E-BE19-4E6A-8EE4-6B1166AC1F53}.Debug|Any CPU.Build.0 = Debug|Any CPU
		{0581097E-BE19-4E6A-8EE4-6B1166AC1F53}.Release|Any CPU.ActiveCfg = Release|Any CPU
		{0581097E-BE19-4E6A-8EE4-6B1166AC1F53}.Release|Any CPU.Build.0 = Release|Any CPU
		{47CAD024-1F6E-4B70-A730-B42C592763B4}.Debug|Any CPU.ActiveCfg = Debug|Any CPU
		{47CAD024-1F6E-4B70-A730-B42C592763B4}.Debug|Any CPU.Build.0 = Debug|Any CPU
		{47CAD024-1F6E-4B70-A730-B42C592763B4}.Release|Any CPU.ActiveCfg = Release|Any CPU
		{47CAD024-1F6E-4B70-A730-B42C592763B4}.Release|Any CPU.Build.0 = Release|Any CPU
		{90E4E3EB-0450-4381-B737-B372D464FA4E}.Debug|Any CPU.ActiveCfg = Debug|Any CPU
		{90E4E3EB-0450-4381-B737-B372D464FA4E}.Debug|Any CPU.Build.0 = Debug|Any CPU
		{90E4E3EB-0450-4381-B737-B372D464FA4E}.Release|Any CPU.ActiveCfg = Release|Any CPU
		{90E4E3EB-0450-4381-B737-B372D464FA4E}.Release|Any CPU.Build.0 = Release|Any CPU
		{E9A535DD-CBDB-4140-B2F6-9F8D3EE31892}.Debug|Any CPU.ActiveCfg = Debug|Any CPU
		{E9A535DD-CBDB-4140-B2F6-9F8D3EE31892}.Debug|Any CPU.Build.0 = Debug|Any CPU
		{E9A535DD-CBDB-4140-B2F6-9F8D3EE31892}.Release|Any CPU.ActiveCfg = Release|Any CPU
		{E9A535DD-CBDB-4140-B2F6-9F8D3EE31892}.Release|Any CPU.Build.0 = Release|Any CPU
		{52B084D8-16C8-4D3C-BAC0-BC727D95F9E5}.Debug|Any CPU.ActiveCfg = Debug|Any CPU
		{52B084D8-16C8-4D3C-BAC0-BC727D95F9E5}.Debug|Any CPU.Build.0 = Debug|Any CPU
		{52B084D8-16C8-4D3C-BAC0-BC727D95F9E5}.Release|Any CPU.ActiveCfg = Release|Any CPU
		{52B084D8-16C8-4D3C-BAC0-BC727D95F9E5}.Release|Any CPU.Build.0 = Release|Any CPU
	EndGlobalSection
	GlobalSection(SolutionProperties) = preSolution
		HideSolutionNode = FALSE
	EndGlobalSection
	GlobalSection(NestedProjects) = preSolution
		{0BE74300-BC74-47D9-8036-493AAEEA6980} = {BF4E2D95-BA0C-4AB5-A390-35B84F33C03E}
		{C77AE3F4-DC99-4815-9C07-2E4888EE3FA8} = {BF4E2D95-BA0C-4AB5-A390-35B84F33C03E}
		{C179947B-588B-4E44-B4DC-1617004EF837} = {BF4E2D95-BA0C-4AB5-A390-35B84F33C03E}
		{7ACBADFA-6BEE-484D-ADF9-436A1BFDA076} = {BF4E2D95-BA0C-4AB5-A390-35B84F33C03E}
		{97921014-98CF-441E-9E8B-EDD05A9EF4E4} = {9E91C915-B728-459A-B056-00F11B51310C}
		{90E4E3EB-0450-4381-B737-B372D464FA4E} = {9E91C915-B728-459A-B056-00F11B51310C}
		{47CAD024-1F6E-4B70-A730-B42C592763B4} = {7ACBADFA-6BEE-484D-ADF9-436A1BFDA076}
		{0581097E-BE19-4E6A-8EE4-6B1166AC1F53} = {7ACBADFA-6BEE-484D-ADF9-436A1BFDA076}
		{E9A535DD-CBDB-4140-B2F6-9F8D3EE31892} = {098A47A1-8843-4D8E-A0F8-883D719AA46D}
		{52B084D8-16C8-4D3C-BAC0-BC727D95F9E5} = {098A47A1-8843-4D8E-A0F8-883D719AA46D}
	EndGlobalSection
EndGlobal
